Microsoft Visual Studio Solution File, Format Version 12.00
# Visual Studio Version 17
VisualStudioVersion = 17.5.2.0
MinimumVisualStudioVersion = 10.0.40219.1
Project("{FAE04EC0-301F-11D3-BF4B-00C04F79EFBC}") = "Mat", "Mat.csproj", "{2006DE81-D720-BF8B-06C1-048D524243AA}"
EndProject
Global
	GlobalSection(SolutionConfigurationPlatforms) = preSolution
		Debug|Any CPU = Debug|Any CPU
		Release|Any CPU = Release|Any CPU
	EndGlobalSection
	GlobalSection(ProjectConfigurationPlatforms) = postSolution
		{2006DE81-D720-BF8B-06C1-048D524243AA}.Debug|Any CPU.ActiveCfg = Debug|Any CPU
		{2006DE81-D720-BF8B-06C1-048D524243AA}.Debug|Any CPU.Build.0 = Debug|Any CPU
		{2006DE81-D720-BF8B-06C1-048D524243AA}.Release|Any CPU.ActiveCfg = Release|Any CPU
		{2006DE81-D720-BF8B-06C1-048D524243AA}.Release|Any CPU.Build.0 = Release|Any CPU
	EndGlobalSection
	GlobalSection(SolutionProperties) = preSolution
		HideSolutionNode = FALSE
	EndGlobalSection
	GlobalSection(ExtensibilityGlobals) = postSolution
		SolutionGuid = {B09AB503-4DC9-48FB-9EA4-60EB6D08DCBB}
	EndGlobalSection
EndGlobal
